
Microsoft Visual Studio Solution File, Format Version 12.00
# Visual Studio Version 16
VisualStudioVersion = 16.0.30611.23
MinimumVisualStudioVersion = 10.0.40219.1
Project("{FAE04EC0-301F-11D3-BF4B-00C04F79EFBC}") = "keybon companion", "keybon companion.csproj", "{F6A8448D-F8E4-45A1-9616-4F1DE79CB94E}"
EndProject
Global
	GlobalSection(SolutionConfigurationPlatforms) = preSolution
		Debug|Any CPU = Debug|Any CPU
		Release|Any CPU = Release|Any CPU
	EndGlobalSection
	GlobalSection(ProjectConfigurationPlatforms) = postSolution
		{F6A8448D-F8E4-45A1-9616-4F1DE79CB94E}.Debug|Any CPU.ActiveCfg = Debug|Any CPU
		{F6A8448D-F8E4-45A1-9616-4F1DE79CB94E}.Debug|Any CPU.Build.0 = Debug|Any CPU
		{F6A8448D-F8E4-45A1-9616-4F1DE79CB94E}.Release|Any CPU.ActiveCfg = Release|Any CPU
		{F6A8448D-F8E4-45A1-9616-4F1DE79CB94E}.Release|Any CPU.Build.0 = Release|Any CPU
	EndGlobalSection
	GlobalSection(SolutionProperties) = preSolution
		HideSolutionNode = FALSE
	EndGlobalSection
	GlobalSection(ExtensibilityGlobals) = postSolution
		SolutionGuid = {C6F1F537-7D5D-4FAF-9FF9-7AADA4A8CA04}
	EndGlobalSection
EndGlobal
